
Microsoft Visual Studio Solution File, Format Version 12.00
# Visual Studio Version 16
VisualStudioVersion = 16.0.31005.135
MinimumVisualStudioVersion = 10.0.40219.1
Project("{2150E333-8FDC-42A3-9474-1A3956D46DE8}") = "Domain", "Domain", "{24A15410-9DFD-4EB7-BC62-B9E4A26A260F}"
EndProject
Project("{2150E333-8FDC-42A3-9474-1A3956D46DE8}") = "Infra.Bus", "Infra.Bus", "{5140D2CE-6240-4554-94FA-65557EFF8C0D}"
EndProject
Project("{2150E333-8FDC-42A3-9474-1A3956D46DE8}") = "Infra.IoC", "Infra.IoC", "{FFC48A20-0EDF-40B6-952D-836ADCB34093}"
EndProject
Project("{2150E333-8FDC-42A3-9474-1A3956D46DE8}") = "MicroServices", "MicroServices", "{22E264AD-4E34-460F-8792-61F129CD31F1}"
EndProject
Project("{2150E333-8FDC-42A3-9474-1A3956D46DE8}") = "Presentation", "Presentation", "{DEDD50A4-4DB8-40A6-BAB6-7BB6F2F24CA9}"
EndProject
Project("{2150E333-8FDC-42A3-9474-1A3956D46DE8}") = "Banking", "Banking", "{8B9FDA87-EDE6-44D3-AB7A-D0FDBCDF4549}"
EndProject
Project("{2150E333-8FDC-42A3-9474-1A3956D46DE8}") = "Transfer", "Transfer", "{89599AA6-3898-4744-B34E-7902B3FC233D}"
EndProject
Project("{9A19103F-16F7-4668-BE54-9A1E7A4F7556}") = "MicroRabbit.Domain.Core", "MicroRabbit.Domain.Core\MicroRabbit.Domain.Core.csproj", "{17EAD109-E038-4DC3-A58B-59A589B3621C}"
EndProject
Project("{9A19103F-16F7-4668-BE54-9A1E7A4F7556}") = "MicroRabbit.Infra.Bus", "MicroRabbit.Infra.Bus\MicroRabbit.Infra.Bus.csproj", "{703FB8E0-5CD4-4FF0-85CB-9EBDA9069BE0}"
EndProject
Project("{9A19103F-16F7-4668-BE54-9A1E7A4F7556}") = "MicroRabbit.Infra.IoC", "MicroRabbit.Infra.IoC\MicroRabbit.Infra.IoC.csproj", "{10509D35-8662-4E72-BADD-62F479945ED6}"
EndProject
Project("{2150E333-8FDC-42A3-9474-1A3956D46DE8}") = "Api", "Api", "{997265E5-6D96-4220-BB2D-7D5A5FDC861E}"
EndProject
Project("{2150E333-8FDC-42A3-9474-1A3956D46DE8}") = "Data", "Data", "{A60D4DEA-4818-4D12-8EF5-06B443EB9716}"
EndProject
Project("{2150E333-8FDC-42A3-9474-1A3956D46DE8}") = "Domain", "Domain", "{9C6AD218-378C-42AE-98B0-1959B3A06CF8}"
EndProject
Project("{2150E333-8FDC-42A3-9474-1A3956D46DE8}") = "Application", "Application", "{8FEED907-B10B-4726-A800-4686283D5DD5}"
EndProject
Project("{9A19103F-16F7-4668-BE54-9A1E7A4F7556}") = "MicroRabbit.Banking.Api", "MicroRabbit.Banking.Api\MicroRabbit.Banking.Api.csproj", "{ECFC096F-EEC5-4E55-A023-E893BEC6A22D}"
EndProject
Project("{9A19103F-16F7-4668-BE54-9A1E7A4F7556}") = "MicroRabbit.Banking.Application", "MicroRabbit.Banking.Application\MicroRabbit.Banking.Application.csproj", "{285557B7-53CA-4387-A579-E2E9315154B1}"
EndProject
Project("{9A19103F-16F7-4668-BE54-9A1E7A4F7556}") = "MicroRabbit.Banking.Data", "MicroRabbit.Banking.Data\MicroRabbit.Banking.Data.csproj", "{6587AFA7-CED1-4182-B088-9CEDC6DE35BB}"
EndProject
Project("{9A19103F-16F7-4668-BE54-9A1E7A4F7556}") = "MicroRabbit.Banking.Domain", "MicroRabbit.Banking.Domain\MicroRabbit.Banking.Domain.csproj", "{17494800-10F5-41C3-A993-5891E101C091}"
EndProject
Project("{2150E333-8FDC-42A3-9474-1A3956D46DE8}") = "Api", "Api", "{0F20A82E-BA20-432B-BFA1-C577494655ED}"
EndProject
Project("{2150E333-8FDC-42A3-9474-1A3956D46DE8}") = "Application", "Application", "{649BDBB6-7BAE-4193-919F-907CF7C30A54}"
EndProject
Project("{2150E333-8FDC-42A3-9474-1A3956D46DE8}") = "Data", "Data", "{E57B551C-FC8D-4927-AB27-DD3CB7E50F83}"
EndProject
Project("{2150E333-8FDC-42A3-9474-1A3956D46DE8}") = "Domain", "Domain", "{D76F7B81-52E0-4920-8BB8-EC452E75FB6A}"
EndProject
Project("{9A19103F-16F7-4668-BE54-9A1E7A4F7556}") = "MicroRabbit.Transfer.Api", "MicroRabbit.Transfer.Api\MicroRabbit.Transfer.Api.csproj", "{67ADEF60-650F-4A67-B7E4-998C5C6FCDED}"
EndProject
Project("{9A19103F-16F7-4668-BE54-9A1E7A4F7556}") = "MicroRabbit.Transfer.Application", "MicroRabbit.Transfer.Application\MicroRabbit.Transfer.Application.csproj", "{C232F3CE-FD77-4664-8034-5705839EF7D1}"
EndProject
Project("{9A19103F-16F7-4668-BE54-9A1E7A4F7556}") = "MicroRabbit.Transfer.Data", "MicroRabbit.Transfer.Data\MicroRabbit.Transfer.Data.csproj", "{A85F17ED-1DF7-454E-B000-088F1AEA7828}"
EndProject
Project("{9A19103F-16F7-4668-BE54-9A1E7A4F7556}") = "MicroRabbit.Transfer.Domain", "MicroRabbit.Transfer.Domain\MicroRabbit.Transfer.Domain.csproj", "{337BEDD4-B528-43E5-A0FC-5C28242E91F7}"
EndProject
Project("{FAE04EC0-301F-11D3-BF4B-00C04F79EFBC}") = "MicroRabbit.MVC", "MicroRabbit.MVC\MicroRabbit.MVC.csproj", "{42B03CEA-943A-4174-90A5-6907D310AA04}"
EndProject
Global
	GlobalSection(SolutionConfigurationPlatforms) = preSolution
		Debug|Any CPU = Debug|Any CPU
		Release|Any CPU = Release|Any CPU
	EndGlobalSection
	GlobalSection(ProjectConfigurationPlatforms) = postSolution
		{17EAD109-E038-4DC3-A58B-59A589B3621C}.Debug|Any CPU.ActiveCfg = Debug|Any CPU
		{17EAD109-E038-4DC3-A58B-59A589B3621C}.Debug|Any CPU.Build.0 = Debug|Any CPU
		{17EAD109-E038-4DC3-A58B-59A589B3621C}.Release|Any CPU.ActiveCfg = Release|Any CPU
		{17EAD109-E038-4DC3-A58B-59A589B3621C}.Release|Any CPU.Build.0 = Release|Any CPU
		{703FB8E0-5CD4-4FF0-85CB-9EBDA9069BE0}.Debug|Any CPU.ActiveCfg = Debug|Any CPU
		{703FB8E0-5CD4-4FF0-85CB-9EBDA9069BE0}.Debug|Any CPU.Build.0 = Debug|Any CPU
		{703FB8E0-5CD4-4FF0-85CB-9EBDA9069BE0}.Release|Any CPU.ActiveCfg = Release|Any CPU
		{703FB8E0-5CD4-4FF0-85CB-9EBDA9069BE0}.Release|Any CPU.Build.0 = Release|Any CPU
		{10509D35-8662-4E72-BADD-62F479945ED6}.Debug|Any CPU.ActiveCfg = Debug|Any CPU
		{10509D35-8662-4E72-BADD-62F479945ED6}.Debug|Any CPU.Build.0 = Debug|Any CPU
		{10509D35-8662-4E72-BADD-62F479945ED6}.Release|Any CPU.ActiveCfg = Release|Any CPU
		{10509D35-8662-4E72-BADD-62F479945ED6}.Release|Any CPU.Build.0 = Release|Any CPU
		{ECFC096F-EEC5-4E55-A023-E893BEC6A22D}.Debug|Any CPU.ActiveCfg = Debug|Any CPU
		{ECFC096F-EEC5-4E55-A023-E893BEC6A22D}.Debug|Any CPU.Build.0 = Debug|Any CPU
		{ECFC096F-EEC5-4E55-A023-E893BEC6A22D}.Release|Any CPU.ActiveCfg = Release|Any CPU
		{ECFC096F-EEC5-4E55-A023-E893BEC6A22D}.Release|Any CPU.Build.0 = Release|Any CPU
		{285557B7-53CA-4387-A579-E2E9315154B1}.Debug|Any CPU.ActiveCfg = Debug|Any CPU
		{285557B7-53CA-4387-A579-E2E9315154B1}.Debug|Any CPU.Build.0 = Debug|Any CPU
		{285557B7-53CA-4387-A579-E2E9315154B1}.Release|Any CPU.ActiveCfg = Release|Any CPU
		{285557B7-53CA-4387-A579-E2E9315154B1}.Release|Any CPU.Build.0 = Release|Any CPU
		{6587AFA7-CED1-4182-B088-9CEDC6DE35BB}.Debug|Any CPU.ActiveCfg = Debug|Any CPU
		{6587AFA7-CED1-4182-B088-9CEDC6DE35BB}.Debug|Any CPU.Build.0 = Debug|Any CPU
		{6587AFA7-CED1-4182-B088-9CEDC6DE35BB}.Release|Any CPU.ActiveCfg = Release|Any CPU
		{6587AFA7-CED1-4182-B088-9CEDC6DE35BB}.Release|Any CPU.Build.0 = Release|Any CPU
		{17494800-10F5-41C3-A993-5891E101C091}.Debug|Any CPU.ActiveCfg = Debug|Any CPU
		{17494800-10F5-41C3-A993-5891E101C091}.Debug|Any CPU.Build.0 = Debug|Any CPU
		{17494800-10F5-41C3-A993-5891E101C091}.Release|Any CPU.ActiveCfg = Release|Any CPU
		{17494800-10F5-41C3-A993-5891E101C091}.Release|Any CPU.Build.0 = Release|Any CPU
		{67ADEF60-650F-4A67-B7E4-998C5C6FCDED}.Debug|Any CPU.ActiveCfg = Debug|Any CPU
		{67ADEF60-650F-4A67-B7E4-998C5C6FCDED}.Debug|Any CPU.Build.0 = Debug|Any CPU
		{67ADEF60-650F-4A67-B7E4-998C5C6FCDED}.Release|Any CPU.ActiveCfg = Release|Any CPU
		{67ADEF60-650F-4A67-B7E4-998C5C6FCDED}.Release|Any CPU.Build.0 = Release|Any CPU
		{C232F3CE-FD77-4664-8034-5705839EF7D1}.Debug|Any CPU.ActiveCfg = Debug|Any CPU
		{C232F3CE-FD77-4664-8034-5705839EF7D1}.Debug|Any CPU.Build.0 = Debug|Any CPU
		{C232F3CE-FD77-4664-8034-5705839EF7D1}.Release|Any CPU.ActiveCfg = Release|Any CPU
		{C232F3CE-FD77-4664-8034-5705839EF7D1}.Release|Any CPU.Build.0 = Release|Any CPU
		{A85F17ED-1DF7-454E-B000-088F1AEA7828}.Debug|Any CPU.ActiveCfg = Debug|Any CPU
		{A85F17ED-1DF7-454E-B000-088F1AEA7828}.Debug|Any CPU.Build.0 = Debug|Any CPU
		{A85F17ED-1DF7-454E-B000-088F1AEA7828}.Release|Any CPU.ActiveCfg = Release|Any CPU
		{A85F17ED-1DF7-454E-B000-088F1AEA7828}.Release|Any CPU.Build.0 = Release|Any CPU
		{337BEDD4-B528-43E5-A0FC-5C28242E91F7}.Debug|Any CPU.ActiveCfg = Debug|Any CPU
		{337BEDD4-B528-43E5-A0FC-5C28242E91F7}.Debug|Any CPU.Build.0 = Debug|Any CPU
		{337BEDD4-B528-43E5-A0FC-5C28242E91F7}.Release|Any CPU.ActiveCfg = Release|Any CPU
		{337BEDD4-B528-43E5-A0FC-5C28242E91F7}.Release|Any CPU.Build.0 = Release|Any CPU
		{42B03CEA-943A-4174-90A5-6907D310AA04}.Debug|Any CPU.ActiveCfg = Debug|Any CPU
		{42B03CEA-943A-4174-90A5-6907D310AA04}.Debug|Any CPU.Build.0 = Debug|Any CPU
		{42B03CEA-943A-4174-90A5-6907D310AA04}.Release|Any CPU.ActiveCfg = Release|Any CPU
		{42B03CEA-943A-4174-90A5-6907D310AA04}.Release|Any CPU.Build.0 = Release|Any CPU
	EndGlobalSection
	GlobalSection(SolutionProperties) = preSolution
		HideSolutionNode = FALSE
	EndGlobalSection
	GlobalSection(NestedProjects) = preSolution
		{8B9FDA87-EDE6-44D3-AB7A-D0FDBCDF4549} = {22E264AD-4E34-460F-8792-61F129CD31F1}
		{89599AA6-3898-4744-B34E-7902B3FC233D} = {22E264AD-4E34-460F-8792-61F129CD31F1}
		{17EAD109-E038-4DC3-A58B-59A589B3621C} = {24A15410-9DFD-4EB7-BC62-B9E4A26A260F}
		{703FB8E0-5CD4-4FF0-85CB-9EBDA9069BE0} = {5140D2CE-6240-4554-94FA-65557EFF8C0D}
		{10509D35-8662-4E72-BADD-62F479945ED6} = {FFC48A20-0EDF-40B6-952D-836ADCB34093}
		{997265E5-6D96-4220-BB2D-7D5A5FDC861E} = {8B9FDA87-EDE6-44D3-AB7A-D0FDBCDF4549}
		{A60D4DEA-4818-4D12-8EF5-06B443EB9716} = {8B9FDA87-EDE6-44D3-AB7A-D0FDBCDF4549}
		{9C6AD218-378C-42AE-98B0-1959B3A06CF8} = {8B9FDA87-EDE6-44D3-AB7A-D0FDBCDF4549}
		{8FEED907-B10B-4726-A800-4686283D5DD5} = {8B9FDA87-EDE6-44D3-AB7A-D0FDBCDF4549}
		{ECFC096F-EEC5-4E55-A023-E893BEC6A22D} = {997265E5-6D96-4220-BB2D-7D5A5FDC861E}
		{285557B7-53CA-4387-A579-E2E9315154B1} = {8FEED907-B10B-4726-A800-4686283D5DD5}
		{6587AFA7-CED1-4182-B088-9CEDC6DE35BB} = {A60D4DEA-4818-4D12-8EF5-06B443EB9716}
		{17494800-10F5-41C3-A993-5891E101C091} = {9C6AD218-378C-42AE-98B0-1959B3A06CF8}
		{0F20A82E-BA20-432B-BFA1-C577494655ED} = {89599AA6-3898-4744-B34E-7902B3FC233D}
		{649BDBB6-7BAE-4193-919F-907CF7C30A54} = {89599AA6-3898-4744-B34E-7902B3FC233D}
		{E57B551C-FC8D-4927-AB27-DD3CB7E50F83} = {89599AA6-3898-4744-B34E-7902B3FC233D}
		{D76F7B81-52E0-4920-8BB8-EC452E75FB6A} = {89599AA6-3898-4744-B34E-7902B3FC233D}
		{67ADEF60-650F-4A67-B7E4-998C5C6FCDED} = {0F20A82E-BA20-432B-BFA1-C577494655ED}
		{C232F3CE-FD77-4664-8034-5705839EF7D1} = {649BDBB6-7BAE-4193-919F-907CF7C30A54}
		{A85F17ED-1DF7-454E-B000-088F1AEA7828} = {E57B551C-FC8D-4927-AB27-DD3CB7E50F83}
		{337BEDD4-B528-43E5-A0FC-5C28242E91F7} = {D76F7B81-52E0-4920-8BB8-EC452E75FB6A}
		{42B03CEA-943A-4174-90A5-6907D310AA04} = {DEDD50A4-4DB8-40A6-BAB6-7BB6F2F24CA9}
	EndGlobalSection
	GlobalSection(ExtensibilityGlobals) = postSolution
		SolutionGuid = {97FFCBE0-8746-48FE-8C26-B637527F9253}
	EndGlobalSection
EndGlobal
